
Microsoft Visual Studio Solution File, Format Version 12.00
# Visual Studio 2012
Project("{FAE04EC0-301F-11D3-BF4B-00C04F79EFBC}") = "WindowsFormsApplication1", "WindowsFormsApplication1\WindowsFormsApplication1.csproj", "{B3B93EE8-C609-47A3-9DC5-1F76D79717EF}"
EndProject
Global
	GlobalSection(SolutionConfigurationPlatforms) = preSolution
		Debug|Any CPU = Debug|Any CPU
		Release|Any CPU = Release|Any CPU
	EndGlobalSection
	GlobalSection(ProjectConfigurationPlatforms) = postSolution
		{B3B93EE8-C609-47A3-9DC5-1F76D79717EF}.Debug|Any CPU.ActiveCfg = Debug|Any CPU
		{B3B93EE8-C609-47A3-9DC5-1F76D79717EF}.Debug|Any CPU.Build.0 = Debug|Any CPU
		{B3B93EE8-C609-47A3-9DC5-1F76D79717EF}.Release|Any CPU.ActiveCfg = Release|Any CPU
		{B3B93EE8-C609-47A3-9DC5-1F76D79717EF}.Release|Any CPU.Build.0 = Release|Any CPU
	EndGlobalSection
	GlobalSection(SolutionProperties) = preSolution
		HideSolutionNode = FALSE
	EndGlobalSection
EndGlobal
